{
  "name": "dashboard",
  "lockfileVersion": 3,
  "requires": true,
  "packages": {
    "": {
      "devDependencies": {
        "@types/sockjs-client": "^1.5.4"
      }
    },
    "node_modules/@types/sockjs-client": {
      "version": "1.5.4",
      "resolved": "https://registry.npmjs.org/@types/sockjs-client/-/sockjs-client-1.5.4.tgz",
      "integrity": "sha512-zk+uFZeWyvJ5ZFkLIwoGA/DfJ+pYzcZ8eH4H/EILCm2OBZyHH6Hkdna1/UWL/CFruh5wj6ES7g75SvUB0VsH5w==",
      "dev": true,
      "license": "MIT"
    }
  }
}
