lockfileVersion: '9.0'

settings:
  autoInstallPeers: true
  excludeLinksFromLockfile: false

importers:

  .:
    dependencies:
      '@antv/g6':
        specifier: 4.8.23
        version: 4.8.23

packages:

  '@ant-design/colors@4.0.5':
    resolution: {integrity: sha512-3mnuX2prnWOWvpFTS2WH2LoouWlOgtnIpc6IarWN6GOzzLF8dW/U8UctuvIPhoboETehZfJ61XP+CGakBEPJ3Q==}

  '@antv/algorithm@0.1.26':
    resolution: {integrity: sha512-DVhcFSQ8YQnMNW34Mk8BSsfc61iC1sAnmcfYoXTAshYHuU50p/6b7x3QYaGctDNKWGvi1ub7mPcSY0bK+aN0qg==}

  '@antv/dom-util@2.0.4':
    resolution: {integrity: sha512-2shXUl504fKwt82T3GkuT4Uoc6p9qjCKnJ8gXGLSW4T1W37dqf9AV28aCfoVPHp2BUXpSsB+PAJX2rG/jLHsLQ==}

  '@antv/event-emitter@0.1.3':
    resolution: {integrity: sha512-4ddpsiHN9Pd4UIlWuKVK1C4IiZIdbwQvy9i7DUSI3xNJ89FPUFt8lxDYj8GzzfdllV0NkJTRxnG+FvLk0llidg==}

  '@antv/g-base@0.5.16':
    resolution: {integrity: sha512-jP06wggTubDPHXoKwFg3/f1lyxBX9ywwN3E/HG74Nd7DXqOXQis8tsIWW+O6dS/h9vyuXLd1/wDWkMMm3ZzXdg==}

  '@antv/g-canvas@0.5.17':
    resolution: {integrity: sha512-sXYJMWTOlb/Ycb6sTKu00LcJqInXJY4t99+kSM40u2OfqrXYmaXDjHR7D2V0roMkbK/QWiWS9UnEidCR1VtMOA==}

  '@antv/g-math@0.1.9':
    resolution: {integrity: sha512-KHMSfPfZ5XHM1PZnG42Q2gxXfOitYveNTA7L61lR6mhZ8Y/aExsYmHqaKBsSarU0z+6WLrl9C07PQJZaw0uljQ==}

  '@antv/g-svg@0.5.7':
    resolution: {integrity: sha512-jUbWoPgr4YNsOat2Y/rGAouNQYGpw4R0cvlN0YafwOyacFFYy2zC8RslNd6KkPhhR3XHNSqJOuCYZj/YmLUwYw==}

  '@antv/g-webgpu-core@0.7.2':
    resolution: {integrity: sha512-xUMmop7f3Rs34zFYKXLqHhDR1CQTeDl/7vI7Sn3X/73BqJc3X3HIIRvm83Fg2CjVACaOzw4WeLRXNaOCp9fz9w==}

  '@antv/g-webgpu-engine@0.7.2':
    resolution: {integrity: sha512-lx8Y93IW2cnJvdoDRKyMmTdYqSC1pOmF0nyG3PGGyA0NI9vBYVgO0KTF6hkyWjdTWVq7XDZyf/h8CJridLh3lg==}

  '@antv/g-webgpu@0.7.2':
    resolution: {integrity: sha512-kw+oYGsdvj5qeUfy5DPb/jztZBV+2fmqBd3Vv8NlKatfBmv8AirYX/CCW74AUSdWm99rEiLyxFB1VdRZ6b/wnQ==}

  '@antv/g6-core@0.8.23':
    resolution: {integrity: sha512-JWdnba5Bx4/hLhbIQeyvdgh68SDYZisveukuBifxLKODCNJNKTopmWf1w6tU+RxAT2k5ByXkTGWQE1IkIL8O+Q==}

  '@antv/g6-core@0.8.24':
    resolution: {integrity: sha512-rgI3dArAD8uoSz2+skS4ctN4x/Of33ivTIKaEYYvClxgkLZWVz9zvocy+5AWcVPBHZsAXkZcdh9zndIoWY/33A==}

  '@antv/g6-element@0.8.23':
    resolution: {integrity: sha512-KdJOiu4D7UExsYjKOJUcd7YCD/gCfxqHOlS01zkyOqsaindWVLdshBAZWXc2zgzVwHS/fadxwUI+DcllsRkH0g==}

  '@antv/g6-pc@0.8.23':
    resolution: {integrity: sha512-8H5n1U8T4pyBcoaEKB8g4TRKycHtONSA+qOeFMq7XIDh1DCn0tUF1uLvwj096Zp+/bUXtAfaRvg+n1KKyCVZ0w==}

  '@antv/g6-plugin@0.8.23':
    resolution: {integrity: sha512-DwhSuUc0a0foIM4nrhXR/+ooZafkVve0IEErldhsygKWLDSz/c9HRLON66OEdzQX7Ed1uE0SMcBUsIDe+wPQrw==}

  '@antv/g6@4.8.23':
    resolution: {integrity: sha512-tsnJzlZCiOKvwAULGom6ppARutRmoAgV1wZzkOmDRm8ZdokUkpEYfb3faV6802VMs82DLP0zZ0KavapoK1q8hQ==}

  '@antv/graphlib@1.2.0':
    resolution: {integrity: sha512-hhJOMThec51nU4Fe5p/viLlNIL71uDEgYFzKPajWjr2715SFG1HAgiP6AVylIeqBcAZ04u3Lw7usjl/TuI5RuQ==}

  '@antv/hierarchy@0.6.14':
    resolution: {integrity: sha512-V3uknf7bhynOqQDw2sg+9r9DwZ9pc6k/EcqyTFdfXB1+ydr7urisP0MipIuimucvQKN+Qkd+d6w601r1UIroqQ==}

  '@antv/layout@0.3.25':
    resolution: {integrity: sha512-d29Aw1PXoAavMRZy7iTB9L5rMBeChFEX0BJ9ELP4TI35ySdCu07YbmPo9ju9OH/6sG2/NB3o85Ayxrre3iwX/g==}

  '@antv/matrix-util@3.0.4':
    resolution: {integrity: sha512-BAPyu6dUliHcQ7fm9hZSGKqkwcjEDVLVAstlHULLvcMZvANHeLXgHEgV7JqcAV/GIhIz8aZChIlzM1ZboiXpYQ==}

  '@antv/matrix-util@3.1.0-beta.3':
    resolution: {integrity: sha512-W2R6Za3A6CmG51Y/4jZUM/tFgYSq7vTqJL1VD9dKrvwxS4sE0ZcXINtkp55CdyBwJ6Cwm8pfoRpnD4FnHahN0A==}

  '@antv/path-util@2.0.15':
    resolution: {integrity: sha512-R2VLZ5C8PLPtr3VciNyxtjKqJ0XlANzpFb5sE9GE61UQqSRuSVSzIakMxjEPrpqbgc+s+y8i+fmc89Snu7qbNw==}

  '@antv/scale@0.3.18':
    resolution: {integrity: sha512-GHwE6Lo7S/Q5fgaLPaCsW+CH+3zl4aXpnN1skOiEY0Ue9/u+s2EySv6aDXYkAqs//i0uilMDD/0/4n8caX9U9w==}

  '@antv/util@2.0.17':
    resolution: {integrity: sha512-o6I9hi5CIUvLGDhth0RxNSFDRwXeywmt6ExR4+RmVAzIi48ps6HUy+svxOCayvrPBN37uE6TAc2KDofRo0nK9Q==}

  '@antv/util@3.3.10':
    resolution: {integrity: sha512-basGML3DFA3O87INnzvDStjzS+n0JLEhRnRsDzP9keiXz8gT1z/fTdmJAZFOzMMWxy+HKbi7NbSt0+8vz/OsBQ==}

  '@babel/runtime@7.27.1':
    resolution: {integrity: sha512-1x3D2xEk2fRo3PAhwQwu5UubzgiVWSXTBfWpVd2Mx2AzRqJuDJCsgaDVZ7HB5iGzDW1Hl1sWN2mFyKjmR9uAog==}
    engines: {node: '>=6.9.0'}

  '@probe.gl/env@3.6.0':
    resolution: {integrity: sha512-4tTZYUg/8BICC3Yyb9rOeoKeijKbZHRXBEKObrfPmX4sQmYB15ZOUpoVBhAyJkOYVAM8EkPci6Uw5dLCwx2BEQ==}

  '@probe.gl/log@3.6.0':
    resolution: {integrity: sha512-hjpyenpEvOdowgZ1qMeCJxfRD4JkKdlXz0RC14m42Un62NtOT+GpWyKA4LssT0+xyLULCByRAtG2fzZorpIAcA==}

  '@probe.gl/stats@3.6.0':
    resolution: {integrity: sha512-JdALQXB44OP4kUBN/UrQgzbJe4qokbVF4Y8lkIA8iVCFnjVowWIgkD/z/0QO65yELT54tTrtepw1jScjKB+rhQ==}

  '@types/d3-timer@2.0.3':
    resolution: {integrity: sha512-jhAJzaanK5LqyLQ50jJNIrB8fjL9gwWZTgYjevPvkDLMU+kTAZkYsobI59nYoeSrH1PucuyJEi247Pb90t6XUg==}

  color-convert@1.9.3:
    resolution: {integrity: sha512-QfAUtd+vFdAtFQcC8CCyYt1fYWxSqAiK2cSD6zDB8N3cpsEBAvRxp9zOGg6G/SHHJYAT88/az/IuDGALsNVbGg==}

  color-name@1.1.3:
    resolution: {integrity: sha512-72fSenhMw2HZMTVHeCA9KCmpEIbzWiQsjN+BHcBbS9vr1mtt+vJjPdksIBNUmKAW8TFUDPJK5SUU3QhE9NEXDw==}

  color-name@1.1.4:
    resolution: {integrity: sha512-dOy+3AuW3a2wNbZHIuMZpTcgjGuLU/uBL/ubcZF9OXbDo8ff4O8yVp5Bf0efS8uEoYo5q4Fx7dY9OgQGXgAsQA==}

  color-string@1.9.1:
    resolution: {integrity: sha512-shrVawQFojnZv6xM40anx4CkoDP+fZsw/ZerEMsW/pyzsRbElpsL/DBVW7q3ExxwusdNXI3lXpuhEZkzs8p5Eg==}

  color@3.2.1:
    resolution: {integrity: sha512-aBl7dZI9ENN6fUGC7mWpMTPNHmWUSNan9tuWN6ahh5ZLNk9baLJOnSMlrQkHcrfFgz2/RigjUVAjdx36VcemKA==}

  csstype@3.1.3:
    resolution: {integrity: sha512-M1uQkMl8rQK/szD0LNhtqxIPLpimGm8sOBwU7lLnCpSbTyY3yeU1Vc7l4KT5zT4s/yOxHH5O7tIuuLOCnLADRw==}

  d3-color@1.4.1:
    resolution: {integrity: sha512-p2sTHSLCJI2QKunbGb7ocOh7DgTAn8IrLx21QRc/BSnodXM4sv6aLQlnfpvehFMLZEfBc6g9pH9SWQccFYfJ9Q==}

  d3-dispatch@2.0.0:
    resolution: {integrity: sha512-S/m2VsXI7gAti2pBoLClFFTMOO1HTtT0j99AuXLoGFKO6deHDdnv6ZGTxSTTUTgO1zVcv82fCOtDjYK4EECmWA==}

  d3-ease@1.0.7:
    resolution: {integrity: sha512-lx14ZPYkhNx0s/2HX5sLFUI3mbasHjSSpwO/KaaNACweVwxUruKyWVcb293wMv1RqTPZyZ8kSZ2NogUZNcLOFQ==}

  d3-force@2.1.1:
    resolution: {integrity: sha512-nAuHEzBqMvpFVMf9OX75d00OxvOXdxY+xECIXjW6Gv8BRrXu6gAWbv/9XKrvfJ5i5DCokDW7RYE50LRoK092ew==}

  d3-interpolate@3.0.1:
    resolution: {integrity: sha512-3bYs1rOD33uo8aqJfKP3JWPAibgw8Zm2+L9vBKEHJ2Rg+viTR7o5Mmv5mZcieN+FRYaAOWX5SJATX6k1PWz72g==}
    engines: {node: '>=12'}

  d3-quadtree@2.0.0:
    resolution: {integrity: sha512-b0Ed2t1UUalJpc3qXzKi+cPGxeXRr4KU9YSlocN74aTzp6R/Ud43t79yLLqxHRWZfsvWXmbDWPpoENK1K539xw==}

  d3-timer@1.0.10:
    resolution: {integrity: sha512-B1JDm0XDaQC+uvo4DT79H0XmBskgS3l6Ve+1SBCfxgmtIb1AVrPIoqd+nPSv+loMX8szQ0sVUhGngL7D5QPiXw==}

  d3-timer@2.0.0:
    resolution: {integrity: sha512-TO4VLh0/420Y/9dO3+f9abDEFYeCUr2WZRlxJvbp4HPTQcSylXNiL6yZa9FIUvV1yRiFufl1bszTCLDqv9PWNA==}

  dagre-compound@0.0.11:
    resolution: {integrity: sha512-UrSgRP9LtOZCYb9e5doolZXpc7xayyszgyOs7uakTK4n4KsLegLVTRRtq01GpQd/iZjYw5fWMapx9ed+c80MAQ==}
    engines: {node: '>=6.0.0'}
    peerDependencies:
      dagre: ^0.8.5

  dagre@0.8.5:
    resolution: {integrity: sha512-/aTqmnRta7x7MCCpExk7HQL2O4owCT2h8NT//9I1OQ9vt29Pa0BzSAkR5lwFUcQ7491yVi/3CXU9jQ5o0Mn2Sw==}

  detect-browser@5.3.0:
    resolution: {integrity: sha512-53rsFbGdwMwlF7qvCt0ypLM5V5/Mbl0szB7GPN8y9NCcbknYOeVVXdrXEq+90IwAfrrzt6Hd+u2E2ntakICU8w==}

  eventemitter3@4.0.7:
    resolution: {integrity: sha512-8guHBZCwKnFhYdHr2ysuRWErTwhoN2X8XELRlrRwpmfeY2jjuUN4taQMsULKUVo1K4DvZl+0pgfyoysHxvmvEw==}

  fast-deep-equal@3.1.3:
    resolution: {integrity: sha512-f3qQ9oQy9j2AhBe/H9VC91wLmKBCCU/gDOnKNAYG5hswO7BLKj09Hc5HYNz9cGI++xlpDCIgDaitVs03ATR84Q==}

  fecha@4.2.3:
    resolution: {integrity: sha512-OP2IUU6HeYKJi3i0z4A19kHMQoLVs4Hc+DPqqxI2h/DPZHTm/vjsfC6P0b4jCMy14XizLBqvndQ+UilD7707Jw==}

  gl-matrix@3.4.3:
    resolution: {integrity: sha512-wcCp8vu8FT22BnvKVPjXa/ICBWRq/zjFfdofZy1WSpQZpphblv12/bOQLBC1rMM7SGOFS9ltVmKOHil5+Ml7gA==}

  gl-vec2@1.3.0:
    resolution: {integrity: sha512-YiqaAuNsheWmUV0Sa8k94kBB0D6RWjwZztyO+trEYS8KzJ6OQB/4686gdrf59wld4hHFIvaxynO3nRxpk1Ij/A==}

  graphlib@2.1.8:
    resolution: {integrity: sha512-jcLLfkpoVGmH7/InMC/1hIvOPSUh38oJtGhvrOFGzioE1DZ+0YW16RgmOJhHiuWTvGiJQ9Z1Ik43JvkRPRvE+A==}

  insert-css@2.0.0:
    resolution: {integrity: sha512-xGq5ISgcUP5cvGkS2MMFLtPDBtrtQPSFfC6gA6U8wHKqfjTIMZLZNxOItQnoSjdOzlXOLU/yD32RKC4SvjNbtA==}

  is-any-array@2.0.1:
    resolution: {integrity: sha512-UtilS7hLRu++wb/WBAw9bNuP1Eg04Ivn1vERJck8zJthEvXCBEBpGR/33u/xLKWEQf95803oalHrVDptcAvFdQ==}

  is-arrayish@0.3.2:
    resolution: {integrity: sha512-eVRqCvVlZbuw3GrM63ovNSNAeA1K16kaR/LRY/92w0zxQ5/1YzwblUX652i4Xs9RwAGjW9d9y6X88t8OaAJfWQ==}

  lodash@4.17.21:
    resolution: {integrity: sha512-v2kDEe57lecTulaDIuNTPy3Ry4gLGJ6Z1O3vE1krgXZNrsQ+LFTGHVxVjcXPs17LhbZVGedAJv8XZ1tvj5FvSg==}

  ml-array-max@1.2.4:
    resolution: {integrity: sha512-BlEeg80jI0tW6WaPyGxf5Sa4sqvcyY6lbSn5Vcv44lp1I2GR6AWojfUvLnGTNsIXrZ8uqWmo8VcG1WpkI2ONMQ==}

  ml-array-min@1.2.3:
    resolution: {integrity: sha512-VcZ5f3VZ1iihtrGvgfh/q0XlMobG6GQ8FsNyQXD3T+IlstDv85g8kfV0xUG1QPRO/t21aukaJowDzMTc7j5V6Q==}

  ml-array-rescale@1.3.7:
    resolution: {integrity: sha512-48NGChTouvEo9KBctDfHC3udWnQKNKEWN0ziELvY3KG25GR5cA8K8wNVzracsqSW1QEkAXjTNx+ycgAv06/1mQ==}

  ml-matrix@6.12.1:
    resolution: {integrity: sha512-TJ+8eOFdp+INvzR4zAuwBQJznDUfktMtOB6g/hUcGh3rcyjxbz4Te57Pgri8Q9bhSQ7Zys4IYOGhFdnlgeB6Lw==}

  ml-matrix@6.5.0:
    resolution: {integrity: sha512-sms732Dge+rs5dU4mnjE0oqLWm1WujvR2fr38LgUHRG2cjXjWlO3WJupLYaSz3++2iYr0UrGDK72OAivr3J8dg==}

  probe.gl@3.6.0:
    resolution: {integrity: sha512-19JydJWI7+DtR4feV+pu4Mn1I5TAc0xojuxVgZdXIyfmTLfUaFnk4OloWK1bKbPtkgGKLr2lnbnCXmpZEcEp9g==}

  regl@1.7.0:
    resolution: {integrity: sha512-bEAtp/qrtKucxXSJkD4ebopFZYP0q1+3Vb2WECWv/T8yQEgKxDxJ7ztO285tAMaYZVR6mM1GgI6CCn8FROtL1w==}

  simple-swizzle@0.2.2:
    resolution: {integrity: sha512-JA//kQgZtbuY83m+xT+tXJkmJncGMTFT+C+g2h2R9uxkYIrE2yy9sgmcLhCnw57/WSD+Eh3J97FPEDFnbXnDUg==}

  tinycolor2@1.6.0:
    resolution: {integrity: sha512-XPaBkWQJdsf3pLKJV9p4qN/S+fm2Oj8AIPo1BTUhg5oxkvm9+SVEGFdhyOz7tTdUTfvxMiAs4sp6/eZO2Ew+pw==}

  tslib@2.8.1:
    resolution: {integrity: sha512-oJFu94HQb+KVduSUQL7wnpmqnfmLsOA/nAh6b6EH0wCEoK0/mPeXU6c3wKDV83MkOuHPRHtSXKKU99IBazS/2w==}

snapshots:

  '@ant-design/colors@4.0.5':
    dependencies:
      tinycolor2: 1.6.0

  '@antv/algorithm@0.1.26':
    dependencies:
      '@antv/util': 2.0.17
      tslib: 2.8.1

  '@antv/dom-util@2.0.4':
    dependencies:
      tslib: 2.8.1

  '@antv/event-emitter@0.1.3': {}

  '@antv/g-base@0.5.16':
    dependencies:
      '@antv/event-emitter': 0.1.3
      '@antv/g-math': 0.1.9
      '@antv/matrix-util': 3.1.0-beta.3
      '@antv/path-util': 2.0.15
      '@antv/util': 2.0.17
      '@types/d3-timer': 2.0.3
      d3-ease: 1.0.7
      d3-interpolate: 3.0.1
      d3-timer: 1.0.10
      detect-browser: 5.3.0
      tslib: 2.8.1

  '@antv/g-canvas@0.5.17':
    dependencies:
      '@antv/g-base': 0.5.16
      '@antv/g-math': 0.1.9
      '@antv/matrix-util': 3.1.0-beta.3
      '@antv/path-util': 2.0.15
      '@antv/util': 2.0.17
      gl-matrix: 3.4.3
      tslib: 2.8.1

  '@antv/g-math@0.1.9':
    dependencies:
      '@antv/util': 2.0.17
      gl-matrix: 3.4.3

  '@antv/g-svg@0.5.7':
    dependencies:
      '@antv/g-base': 0.5.16
      '@antv/g-math': 0.1.9
      '@antv/util': 2.0.17
      detect-browser: 5.3.0
      tslib: 2.8.1

  '@antv/g-webgpu-core@0.7.2':
    dependencies:
      eventemitter3: 4.0.7
      gl-matrix: 3.4.3
      lodash: 4.17.21
      probe.gl: 3.6.0

  '@antv/g-webgpu-engine@0.7.2':
    dependencies:
      '@antv/g-webgpu-core': 0.7.2
      gl-matrix: 3.4.3
      lodash: 4.17.21
      regl: 1.7.0

  '@antv/g-webgpu@0.7.2':
    dependencies:
      '@antv/g-webgpu-core': 0.7.2
      '@antv/g-webgpu-engine': 0.7.2
      gl-matrix: 3.4.3
      gl-vec2: 1.3.0
      lodash: 4.17.21

  '@antv/g6-core@0.8.23':
    dependencies:
      '@antv/algorithm': 0.1.26
      '@antv/dom-util': 2.0.4
      '@antv/event-emitter': 0.1.3
      '@antv/g-base': 0.5.16
      '@antv/g-math': 0.1.9
      '@antv/matrix-util': 3.1.0-beta.3
      '@antv/path-util': 2.0.15
      '@antv/util': 2.0.17
      ml-matrix: 6.12.1
      tslib: 2.8.1

  '@antv/g6-core@0.8.24':
    dependencies:
      '@antv/algorithm': 0.1.26
      '@antv/dom-util': 2.0.4
      '@antv/event-emitter': 0.1.3
      '@antv/g-base': 0.5.16
      '@antv/g-math': 0.1.9
      '@antv/matrix-util': 3.1.0-beta.3
      '@antv/path-util': 2.0.15
      '@antv/util': 2.0.17
      ml-matrix: 6.12.1
      tslib: 2.8.1

  '@antv/g6-element@0.8.23':
    dependencies:
      '@antv/g-base': 0.5.16
      '@antv/g6-core': 0.8.23
      '@antv/util': 2.0.17

  '@antv/g6-pc@0.8.23':
    dependencies:
      '@ant-design/colors': 4.0.5
      '@antv/algorithm': 0.1.26
      '@antv/dom-util': 2.0.4
      '@antv/event-emitter': 0.1.3
      '@antv/g-base': 0.5.16
      '@antv/g-canvas': 0.5.17
      '@antv/g-math': 0.1.9
      '@antv/g-svg': 0.5.7
      '@antv/g6-core': 0.8.24
      '@antv/g6-element': 0.8.23
      '@antv/g6-plugin': 0.8.23
      '@antv/hierarchy': 0.6.14
      '@antv/layout': 0.3.25(dagre@0.8.5)
      '@antv/matrix-util': 3.1.0-beta.3
      '@antv/path-util': 2.0.15
      '@antv/util': 2.0.17
      color: 3.2.1
      d3-force: 2.1.1
      dagre: 0.8.5
      insert-css: 2.0.0
      ml-matrix: 6.12.1

  '@antv/g6-plugin@0.8.23':
    dependencies:
      '@antv/dom-util': 2.0.4
      '@antv/g-base': 0.5.16
      '@antv/g-canvas': 0.5.17
      '@antv/g-svg': 0.5.7
      '@antv/g6-core': 0.8.23
      '@antv/g6-element': 0.8.23
      '@antv/matrix-util': 3.1.0-beta.3
      '@antv/path-util': 2.0.15
      '@antv/scale': 0.3.18
      '@antv/util': 2.0.17
      insert-css: 2.0.0

  '@antv/g6@4.8.23':
    dependencies:
      '@antv/g6-pc': 0.8.23

  '@antv/graphlib@1.2.0': {}

  '@antv/hierarchy@0.6.14': {}

  '@antv/layout@0.3.25(dagre@0.8.5)':
    dependencies:
      '@antv/g-webgpu': 0.7.2
      '@antv/graphlib': 1.2.0
      '@antv/util': 3.3.10
      d3-force: 2.1.1
      d3-quadtree: 2.0.0
      dagre-compound: 0.0.11(dagre@0.8.5)
      ml-matrix: 6.5.0
    transitivePeerDependencies:
      - dagre

  '@antv/matrix-util@3.0.4':
    dependencies:
      '@antv/util': 2.0.17
      gl-matrix: 3.4.3
      tslib: 2.8.1

  '@antv/matrix-util@3.1.0-beta.3':
    dependencies:
      '@antv/util': 2.0.17
      gl-matrix: 3.4.3
      tslib: 2.8.1

  '@antv/path-util@2.0.15':
    dependencies:
      '@antv/matrix-util': 3.0.4
      '@antv/util': 2.0.17
      tslib: 2.8.1

  '@antv/scale@0.3.18':
    dependencies:
      '@antv/util': 2.0.17
      fecha: 4.2.3
      tslib: 2.8.1

  '@antv/util@2.0.17':
    dependencies:
      csstype: 3.1.3
      tslib: 2.8.1

  '@antv/util@3.3.10':
    dependencies:
      fast-deep-equal: 3.1.3
      gl-matrix: 3.4.3
      tslib: 2.8.1

  '@babel/runtime@7.27.1': {}

  '@probe.gl/env@3.6.0':
    dependencies:
      '@babel/runtime': 7.27.1

  '@probe.gl/log@3.6.0':
    dependencies:
      '@babel/runtime': 7.27.1
      '@probe.gl/env': 3.6.0

  '@probe.gl/stats@3.6.0':
    dependencies:
      '@babel/runtime': 7.27.1

  '@types/d3-timer@2.0.3': {}

  color-convert@1.9.3:
    dependencies:
      color-name: 1.1.3

  color-name@1.1.3: {}

  color-name@1.1.4: {}

  color-string@1.9.1:
    dependencies:
      color-name: 1.1.4
      simple-swizzle: 0.2.2

  color@3.2.1:
    dependencies:
      color-convert: 1.9.3
      color-string: 1.9.1

  csstype@3.1.3: {}

  d3-color@1.4.1: {}

  d3-dispatch@2.0.0: {}

  d3-ease@1.0.7: {}

  d3-force@2.1.1:
    dependencies:
      d3-dispatch: 2.0.0
      d3-quadtree: 2.0.0
      d3-timer: 2.0.0

  d3-interpolate@3.0.1:
    dependencies:
      d3-color: 1.4.1

  d3-quadtree@2.0.0: {}

  d3-timer@1.0.10: {}

  d3-timer@2.0.0: {}

  dagre-compound@0.0.11(dagre@0.8.5):
    dependencies:
      dagre: 0.8.5

  dagre@0.8.5:
    dependencies:
      graphlib: 2.1.8
      lodash: 4.17.21

  detect-browser@5.3.0: {}

  eventemitter3@4.0.7: {}

  fast-deep-equal@3.1.3: {}

  fecha@4.2.3: {}

  gl-matrix@3.4.3: {}

  gl-vec2@1.3.0: {}

  graphlib@2.1.8:
    dependencies:
      lodash: 4.17.21

  insert-css@2.0.0: {}

  is-any-array@2.0.1: {}

  is-arrayish@0.3.2: {}

  lodash@4.17.21: {}

  ml-array-max@1.2.4:
    dependencies:
      is-any-array: 2.0.1

  ml-array-min@1.2.3:
    dependencies:
      is-any-array: 2.0.1

  ml-array-rescale@1.3.7:
    dependencies:
      is-any-array: 2.0.1
      ml-array-max: 1.2.4
      ml-array-min: 1.2.3

  ml-matrix@6.12.1:
    dependencies:
      is-any-array: 2.0.1
      ml-array-rescale: 1.3.7

  ml-matrix@6.5.0:
    dependencies:
      ml-array-rescale: 1.3.7

  probe.gl@3.6.0:
    dependencies:
      '@babel/runtime': 7.27.1
      '@probe.gl/env': 3.6.0
      '@probe.gl/log': 3.6.0
      '@probe.gl/stats': 3.6.0

  regl@1.7.0: {}

  simple-swizzle@0.2.2:
    dependencies:
      is-arrayish: 0.3.2

  tinycolor2@1.6.0: {}

  tslib@2.8.1: {}
